// !$*UTF8*$!
{
	archiveVersion = 1;
	classes = {
	};
	objectVersion = 46;
	objects = {

/* Begin PBXBuildFile section */
		C48913F01F73546B00592928 /* AppDelegate.swift in Sources */ = {isa = PBXBuildFile; fileRef = C48913EF1F73546B00592928 /* AppDelegate.swift */; };
		C48913F21F73546B00592928 /* ViewController.swift in Sources */ = {isa = PBXBuildFile; fileRef = C48913F11F73546B00592928 /* ViewController.swift */; };
		C48913F51F73546B00592928 /* Main.storyboard in Resources */ = {isa = PBXBuildFile; fileRef = C48913F31F73546B00592928 /* Main.storyboard */; };
		C48913F71F73546B00592928 /* Assets.xcassets in Resources */ = {isa = PBXBuildFile; fileRef = C48913F61F73546B00592928 /* Assets.xcassets */; };
		C48913FA1F73546B00592928 /* LaunchScreen.storyboard in Resources */ = {isa = PBXBuildFile; fileRef = C48913F81F73546B00592928 /* LaunchScreen.storyboard */; };
/* End PBXBuildFile section */

/* Begin PBXFileReference section */
		C48913EC1F73546B00592928 /* DemoOpenURL.app */ = {isa = PBXFileReference; explicitFileType = wrapper.application; includeInIndex = 0; path = DemoOpenURL.app; sourceTree = BUILT_PRODUCTS_DIR; };
		C48913EF1F73546B00592928 /* AppDelegate.swift */ = {isa = PBXFileReference; lastKnownFileType = sourcecode.swift; path = AppDelegate.swift; sourceTree = "<group>"; };
		C48913F11F73546B00592928 /* ViewController.swift */ = {isa = PBXFileReference; lastKnownFileType = sourcecode.swift; path = ViewController.swift; sourceTree = "<group>"; };
		C48913F41F73546B00592928 /* Base */ = {isa = PBXFileReference; lastKnownFileType = file.storyboard; name = Base; path = Base.lproj/Main.storyboard; sourceTree = "<group>"; };
		C48913F61F73546B00592928 /* Assets.xcassets */ = {isa = PBXFileReference; lastKnownFileType = folder.assetcatalog; path = Assets.xcassets; sourceTree = "<group>"; };
		C48913F91F73546B00592928 /* Base */ = {isa = PBXFileReference; lastKnownFileType = file.storyboard; name = Base; path = Base.lproj/LaunchScreen.storyboard; sourceTree = "<group>"; };
		C48913FB1F73546B00592928 /* Info.plist */ = {isa = PBXFileReference; lastKnownFileType = text.plist.xml; path = Info.plist; sourceTree = "<group>"; };
/* End PBXFileReference section */

/* Begin PBXFrameworksBuildPhase section */
		C48913E91F73546B00592928 /* Frameworks */ = {
			isa = PBXFrameworksBuildPhase;
			buildActionMask = 2147483647;
			files = (
			);
			runOnlyForDeploymentPostprocessing = 0;
		};
/* End PBXFrameworksBuildPhase section */

/* Begin PBXGroup section */
		C48913E31F73546B00592928 = {
			isa = PBXGroup;
			children = (
				C48913EE1F73546B00592928 /* DemoOpenURL */,
				C48913ED1F73546B00592928 /* Products */,
			);
			sourceTree = "<group>";
		};
		C48913ED1F73546B00592928 /* Products */ = {
			isa = PBXGroup;
			children = (
				C48913EC1F73546B00592928 /* DemoOpenURL.app */,
			);
			name = Products;
			sourceTree = "<group>";
		};
		C48913EE1F73546B00592928 /* DemoOpenURL */ = {
			isa = PBXGroup;
			children = (
				C48913EF1F73546B00592928 /* AppDelegate.swift */,
				C48913F11F73546B00592928 /* ViewController.swift */,
				C48913F31F73546B00592928 /* Main.storyboard */,
				C48913F61F73546B00592928 /* Assets.xcassets */,
				C48913F81F73546B00592928 /* LaunchScreen.storyboard */,
				C48913FB1F73546B00592928 /* Info.plist */,
			);
			path = DemoOpenURL;
			sourceTree = "<group>";
		};
/* End PBXGroup section */

/* Begin PBXNativeTarget section */
		C48913EB1F73546B00592928 /* DemoOpenURL */ = {
			isa = PBXNativeTarget;
			buildConfigurationList = C48913FE1F73546B00592928 /* Build configuration list for PBXNativeTarget "DemoOpenURL" */;
			buildPhases = (
				C48913E81F73546B00592928 /* Sources */,
				C48913E91F73546B00592928 /* Frameworks */,
				C48913EA1F73546B00592928 /* Resources */,
			);
			buildRules = (
			);
			dependencies = (
			);
			name = DemoOpenURL;
			productName = DemoOpenURL;
			productReference = C48913EC1F73546B00592928 /* DemoOpenURL.app */;
			productType = "com.apple.product-type.application";
		};
/* End PBXNativeTarget section */

/* Begin PBXProject section */
		C48913E41F73546B00592928 /* Project object */ = {
			isa = PBXProject;
			attributes = {
				LastSwiftUpdateCheck = 0830;
				LastUpgradeCheck = 0830;
				ORGANIZATIONNAME = "Khuat Van Dung";
				TargetAttributes = {
					C48913EB1F73546B00592928 = {
						CreatedOnToolsVersion = 8.3.3;
						DevelopmentTeam = 39H8S9VB24;
						ProvisioningStyle = Automatic;
					};
				};
			};
			buildConfigurationList = C48913E71F73546B00592928 /* Build configuration list for PBXProject "DemoOpenURL" */;
			compatibilityVersion = "Xcode 3.2";
			developmentRegion = English;
			hasScannedForEncodings = 0;
			knownRegions = (
				en,
				Base,
			);
			mainGroup = C48913E31F73546B00592928;
			productRefGroup = C48913ED1F73546B00592928 /* Products */;
			projectDirPath = "";
			projectRoot = "";
			targets = (
				C48913EB1F73546B00592928 /* DemoOpenURL */,
			);
		};
/* End PBXProject section */

/* Begin PBXResourcesBuildPhase section */
		C48913EA1F73546B00592928 /* Resources */ = {
			isa = PBXResourcesBuildPhase;
			buildActionMask = 2147483647;
			files = (
				C48913FA1F73546B00592928 /* LaunchScreen.storyboard in Resources */,
				C48913F71F73546B00592928 /* Assets.xcassets in Resources */,
				C48913F51F73546B00592928 /* Main.storyboard in Resources */,
			);
			runOnlyForDeploymentPostprocessing = 0;
		};
/* End PBXResourcesBuildPhase section */

/* Begin PBXSourcesBuildPhase section */
		C48913E81F73546B00592928 /* Sources */ = {
			isa = PBXSourcesBuildPhase;
			buildActionMask = 2147483647;
			files = (
				C48913F21F73546B00592928 /* ViewController.swift in Sources */,
				C48913F01F73546B00592928 /* AppDelegate.swift in Sources */,
			);
			runOnlyForDeploymentPostprocessing = 0;
		};
/* End PBXSourcesBuildPhase section */

/* Begin PBXVariantGroup section */
		C48913F31F73546B00592928 /* Main.storyboard */ = {
			isa = PBXVariantGroup;
			children = (
				C48913F41F73546B00592928 /* Base */,
			);
			name = Main.storyboard;
			sourceTree = "<group>";
		};
		C48913F81F73546B00592928 /* LaunchScreen.storyboard */ = {
			isa = PBXVariantGroup;
			children = (
				C48913F91F73546B00592928 /* Base */,
			);
			name = LaunchScreen.storyboard;
			sourceTree = "<group>";
		};
/* End PBXVariantGroup section */

/* Begin XCBuildConfiguration section */
		C48913FC1F73546B00592928 /* Debug */ = {
			isa = XCBuildConfiguration;
			buildSettings = {
				ALWAYS_SEARCH_USER_PATHS = NO;
				CLANG_ANALYZER_NONNULL = YES;
				CLANG_ANALYZER_NUMBER_OBJECT_CONVERSION = YES_AGGRESSIVE;
				CLANG_CXX_LANGUAGE_STANDARD = "gnu++0x";
				CLANG_CXX_LIBRARY = "libc++";
				CLANG_ENABLE_MODULES = YES;
				CLANG_ENABLE_OBJC_ARC = YES;
				CLANG_WARN_BOOL_CONVERSION = YES;
				CLANG_WARN_CONSTANT_CONVERSION = YES;
				CLANG_WARN_DIRECT_OBJC_ISA_USAGE = YES_ERROR;
				CLANG_WARN_DOCUMENTATION_COMMENTS = YES;
				CLANG_WARN_EMPTY_BODY = YES;
				CLANG_WARN_ENUM_CONVERSION = YES;
				CLANG_WARN_INFINITE_RECURSION = YES;
				CLANG_WARN_INT_CONVERSION = YES;
				CLANG_WARN_OBJC_ROOT_CLASS = YES_ERROR;
				CLANG_WARN_SUSPICIOUS_MOVE = YES;
				CLANG_WARN_UNREACHABLE_CODE = YES;
				CLANG_WARN__DUPLICATE_METHOD_MATCH = YES;
				"CODE_SIGN_IDENTITY[sdk=iphoneos*]" = "iPhone Developer";
				COPY_PHASE_STRIP = NO;
				DEBUG_INFORMATION_FORMAT = dwarf;
				ENABLE_STRICT_OBJC_MSGSEND = YES;
				ENABLE_TESTABILITY = YES;
				GCC_C_LANGUAGE_STANDARD = gnu99;
				GCC_DYNAMIC_NO_PIC = NO;
				GCC_NO_COMMON_BLOCKS = YES;
				GCC_OPTIMIZATION_LEVEL = 0;
				GCC_PREPROCESSOR_DEFINITIONS = (
					"DEBUG=1",
					"$(inherited)",
				);
				GCC_WARN_64_TO_32_BIT_CONVERSION = YES;
				GCC_WARN_ABOUT_RETURN_TYPE = YES_ERROR;
				GCC_WARN_UNDECLARED_SELECTOR = YES;
				GCC_WARN_UNINITIALIZED_AUTOS = YES_AGGRESSIVE;
				GCC_WARN_UNUSED_FUNCTION = YES;
				GCC_WARN_UNUSED_VARIABLE = YES;
				IPHONEOS_DEPLOYMENT_TARGET = 10.3;
				MTL_ENABLE_DEBUG_INFO = YES;
				ONLY_ACTIVE_ARCH = YES;
				SDKROOT = iphoneos;
				SWIFT_ACTIVE_COMPILATION_CONDITIONS = DEBUG;
				SWIFT_OPTIMIZATION_LEVEL = "-Onone";
			};
			name = Debug;
		};
		C48913FD1F73546B00592928 /* Release */ = {
			isa = XCBuildConfiguration;
			buildSettings = {
				ALWAYS_SEARCH_USER_PATHS = NO;
				CLANG_ANALYZER_NONNULL = YES;
				CLANG_ANALYZER_NUMBER_OBJECT_CONVERSION = YES_AGGRESSIVE;
				CLANG_CXX_LANGUAGE_STANDARD = "gnu++0x";
				CLANG_CXX_LIBRARY = "libc++";
				CLANG_ENABLE_MODULES = YES;
				CLANG_ENABLE_OBJC_ARC = YES;
				CLANG_WARN_BOOL_CONVERSION = YES;
				CLANG_WARN_CONSTANT_CONVERSION = YES;
				CLANG_WARN_DIRECT_OBJC_ISA_USAGE = YES_ERROR;
				CLANG_WARN_DOCUMENTATION_COMMENTS = YES;
				CLANG_WARN_EMPTY_BODY = YES;
				CLANG_WARN_ENUM_CONVERSION = YES;
				CLANG_WARN_INFINITE_RECURSION = YES;
				CLANG_WARN_INT_CONVERSION = YES;
				CLANG_WARN_OBJC_ROOT_CLASS = YES_ERROR;
				CLANG_WARN_SUSPICIOUS_MOVE = YES;
				CLANG_WARN_UNREACHABLE_CODE = YES;
				CLANG_WARN__DUPLICATE_METHOD_MATCH = YES;
				"CODE_SIGN_IDENTITY[sdk=iphoneos*]" = "iPhone Developer";
				COPY_PHASE_STRIP = NO;
				DEBUG_INFORMATION_FORMAT = "dwarf-with-dsym";
				ENABLE_NS_ASSERTIONS = NO;
				ENABLE_STRICT_OBJC_MSGSEND = YES;
				GCC_C_LANGUAGE_STANDARD = gnu99;
				GCC_NO_COMMON_BLOCKS = YES;
				GCC_WARN_64_TO_32_BIT_CONVERSION = YES;
				GCC_WARN_ABOUT_RETURN_TYPE = YES_ERROR;
				GCC_WARN_UNDECLARED_SELECTOR = YES;
				GCC_WARN_UNINITIALIZED_AUTOS = YES_AGGRESSIVE;
				GCC_WARN_UNUSED_FUNCTION = YES;
				GCC_WARN_UNUSED_VARIABLE = YES;
				IPHONEOS_DEPLOYMENT_TARGET = 10.3;
				MTL_ENABLE_DEBUG_INFO = NO;
				SDKROOT = iphoneos;
				SWIFT_OPTIMIZATION_LEVEL = "-Owholemodule";
				VALIDATE_PRODUCT = YES;
			};
			name = Release;
		};
		C48913FF1F73546B00592928 /* Debug */ = {
			isa = XCBuildConfiguration;
			buildSettings = {
				ASSETCATALOG_COMPILER_APPICON_NAME = AppIcon;
				DEVELOPMENT_TEAM = 39H8S9VB24;
				INFOPLIST_FILE = DemoOpenURL/Info.plist;
				IPHONEOS_DEPLOYMENT_TARGET = 10.1;
				LD_RUNPATH_SEARCH_PATHS = "$(inherited) @executable_path/Frameworks";
				PRODUCT_BUNDLE_IDENTIFIER = com.dungkv.DemoOpenURL;
				PRODUCT_NAME = "$(TARGET_NAME)";
				SWIFT_VERSION = 3.0;
			};
			name = Debug;
		};
		C48914001F73546B00592928 /* Release */ = {
			isa = XCBuildConfiguration;
			buildSettings = {
				ASSETCATALOG_COMPILER_APPICON_NAME = AppIcon;
				DEVELOPMENT_TEAM = 39H8S9VB24;
				INFOPLIST_FILE = DemoOpenURL/Info.plist;
				IPHONEOS_DEPLOYMENT_TARGET = 10.1;
				LD_RUNPATH_SEARCH_PATHS = "$(inherited) @executable_path/Frameworks";
				PRODUCT_BUNDLE_IDENTIFIER = com.dungkv.DemoOpenURL;
				PRODUCT_NAME = "$(TARGET_NAME)";
				SWIFT_VERSION = 3.0;
			};
			name = Release;
		};
/* End XCBuildConfiguration section */

/* Begin XCConfigurationList section */
		C48913E71F73546B00592928 /* Build configuration list for PBXProject "DemoOpenURL" */ = {
			isa = XCConfigurationList;
			buildConfigurations = (
				C48913FC1F73546B00592928 /* Debug */,
				C48913FD1F73546B00592928 /* Release */,
			);
			defaultConfigurationIsVisible = 0;
			defaultConfigurationName = Release;
		};
		C48913FE1F73546B00592928 /* Build configuration list for PBXNativeTarget "DemoOpenURL" */ = {
			isa = XCConfigurationList;
			buildConfigurations = (
				C48913FF1F73546B00592928 /* Debug */,
				C48914001F73546B00592928 /* Release */,
			);
			defaultConfigurationIsVisible = 0;
		};
/* End XCConfigurationList section */
	};
	rootObject = C48913E41F73546B00592928 /* Project object */;
}
